{
  "nodes": {
    "nixpkgs": {
      "locked": {
        "lastModified": 1732136765,
        "narHash": "sha256-622zKMMp0mw2a+fJJoVQdNmxwRGDkWsDTn5OSPK8DLk=",
        "owner": "NixOS",
        "repo": "nixpkgs",
        "rev": "e35b0f3f9787cfe51f406f7dd5a4446a858bfdb2",
        "type": "github"
      },
      "original": {
        "owner": "NixOS",
        "ref": "nixos-unstable-small",
        "repo": "nixpkgs",
        "type": "github"
      }
    },
    "root": {
      "inputs": {
        "nixpkgs": "nixpkgs"
      }
    }
  },
  "root": "root",
  "version": 7
}
